
Microsoft Visual Studio Solution File, Format Version 12.00
# Visual Studio Version 17
VisualStudioVersion = 17.0.32014.148
MinimumVisualStudioVersion = 10.0.40219.1
Project("{FAE04EC0-301F-11D3-BF4B-00C04F79EFBC}") = "Member_Mgt", "Member_Mgt\Member_Mgt.csproj", "{B91E7D42-704B-4AC9-98BF-12D831DF1D2A}"
EndProject
Global
	GlobalSection(SolutionConfigurationPlatforms) = preSolution
		Debug|Any CPU = Debug|Any CPU
		Release|Any CPU = Release|Any CPU
	EndGlobalSection
	GlobalSection(ProjectConfigurationPlatforms) = postSolution
		{B91E7D42-704B-4AC9-98BF-12D831DF1D2A}.Debug|Any CPU.ActiveCfg = Debug|Any CPU
		{B91E7D42-704B-4AC9-98BF-12D831DF1D2A}.Debug|Any CPU.Build.0 = Debug|Any CPU
		{B91E7D42-704B-4AC9-98BF-12D831DF1D2A}.Release|Any CPU.ActiveCfg = Release|Any CPU
		{B91E7D42-704B-4AC9-98BF-12D831DF1D2A}.Release|Any CPU.Build.0 = Release|Any CPU
	EndGlobalSection
	GlobalSection(SolutionProperties) = preSolution
		HideSolutionNode = FALSE
	EndGlobalSection
	GlobalSection(ExtensibilityGlobals) = postSolution
		SolutionGuid = {14D30CF3-534A-498E-A381-F34199509C6E}
	EndGlobalSection
EndGlobal
